
Microsoft Visual Studio Solution File, Format Version 12.00
# Visual Studio Version 17
VisualStudioVersion = 17.3.32929.385
MinimumVisualStudioVersion = 10.0.40219.1
Project("{FAE04EC0-301F-11D3-BF4B-00C04F79EFBC}") = "Z", "Z\Z.csproj", "{09FE0340-39AF-4017-B235-35845A8DFB00}"
EndProject
Global
	GlobalSection(SolutionConfigurationPlatforms) = preSolution
		Debug|Any CPU = Debug|Any CPU
		Release|Any CPU = Release|Any CPU
	EndGlobalSection
	GlobalSection(ProjectConfigurationPlatforms) = postSolution
		{09FE0340-39AF-4017-B235-35845A8DFB00}.Debug|Any CPU.ActiveCfg = Debug|Any CPU
		{09FE0340-39AF-4017-B235-35845A8DFB00}.Debug|Any CPU.Build.0 = Debug|Any CPU
		{09FE0340-39AF-4017-B235-35845A8DFB00}.Release|Any CPU.ActiveCfg = Release|Any CPU
		{09FE0340-39AF-4017-B235-35845A8DFB00}.Release|Any CPU.Build.0 = Release|Any CPU
	EndGlobalSection
	GlobalSection(SolutionProperties) = preSolution
		HideSolutionNode = FALSE
	EndGlobalSection
	GlobalSection(ExtensibilityGlobals) = postSolution
		SolutionGuid = {A9C04F76-6F01-449E-87D1-306A522CA8D7}
	EndGlobalSection
EndGlobal
